// !$*UTF8*$!
{
	archiveVersion = 1;
	classes = {
	};
	objectVersion = 56;
	objects = {

/* Begin PBXBuildFile section */
		EA90D48C2A113670007E6C4B /* NISS.pdf in Resources */ = {isa = PBXBuildFile; fileRef = EA90D48B2A11366F007E6C4B /* NISS.pdf */; };
		EA90D48E2A1139E3007E6C4B /* IAPP.jpg in Resources */ = {isa = PBXBuildFile; fileRef = EA90D48D2A1139E3007E6C4B /* IAPP.jpg */; };
		EAF11D3B2A00529F00790077 /* Indian_Vaccination_SchedulesApp.swift in Sources */ = {isa = PBXBuildFile; fileRef = EAF11D3A2A00529F00790077 /* Indian_Vaccination_SchedulesApp.swift */; };
		EAF11D3D2A00529F00790077 /* ContentView.swift in Sources */ = {isa = PBXBuildFile; fileRef = EAF11D3C2A00529F00790077 /* ContentView.swift */; };
		EAF11D3F2A0052A000790077 /* Assets.xcassets in Resources */ = {isa = PBXBuildFile; fileRef = EAF11D3E2A0052A000790077 /* Assets.xcassets */; };
		EAF11D422A0052A000790077 /* Preview Assets.xcassets in Resources */ = {isa = PBXBuildFile; fileRef = EAF11D412A0052A000790077 /* Preview Assets.xcassets */; };
		EAF11D4B2A005B3700790077 /* HealthyChild.swift in Sources */ = {isa = PBXBuildFile; fileRef = EAF11D4A2A005B3700790077 /* HealthyChild.swift */; };
		EAF11D6C2A0080D500790077 /* girl-skipping.gif in Resources */ = {isa = PBXBuildFile; fileRef = EAF11D6B2A0080D400790077 /* girl-skipping.gif */; };
		EAF11D772A00860B00790077 /* GIFImage.swift in Sources */ = {isa = PBXBuildFile; fileRef = EAF11D762A00860B00790077 /* GIFImage.swift */; };
		EAF11D792A008D4200790077 /* NIS.swift in Sources */ = {isa = PBXBuildFile; fileRef = EAF11D782A008D4200790077 /* NIS.swift */; };
		EAF11D7B2A008D5100790077 /* IAP.swift in Sources */ = {isa = PBXBuildFile; fileRef = EAF11D7A2A008D5100790077 /* IAP.swift */; };
/* End PBXBuildFile section */

/* Begin PBXFileReference section */
		EA90D4892A110D2B007E6C4B /* Indian Vaccination Schedules.app */ = {isa = PBXFileReference; explicitFileType = wrapper.application; includeInIndex = 0; path = "Indian Vaccination Schedules.app"; sourceTree = BUILT_PRODUCTS_DIR; };
		EA90D48B2A11366F007E6C4B /* NISS.pdf */ = {isa = PBXFileReference; lastKnownFileType = image.pdf; path = NISS.pdf; sourceTree = "<group>"; };
		EA90D48D2A1139E3007E6C4B /* IAPP.jpg */ = {isa = PBXFileReference; lastKnownFileType = image.jpeg; path = IAPP.jpg; sourceTree = "<group>"; };
		EA90D48F2A114574007E6C4B /* Indian-Vaccination-Schedules-Info.plist */ = {isa = PBXFileReference; lastKnownFileType = text.plist; path = "Indian-Vaccination-Schedules-Info.plist"; sourceTree = SOURCE_ROOT; };
		EAF11D3A2A00529F00790077 /* Indian_Vaccination_SchedulesApp.swift */ = {isa = PBXFileReference; lastKnownFileType = sourcecode.swift; path = Indian_Vaccination_SchedulesApp.swift; sourceTree = "<group>"; };
		EAF11D3C2A00529F00790077 /* ContentView.swift */ = {isa = PBXFileReference; lastKnownFileType = sourcecode.swift; path = ContentView.swift; sourceTree = "<group>"; };
		EAF11D3E2A0052A000790077 /* Assets.xcassets */ = {isa = PBXFileReference; lastKnownFileType = folder.assetcatalog; path = Assets.xcassets; sourceTree = "<group>"; };
		EAF11D412A0052A000790077 /* Preview Assets.xcassets */ = {isa = PBXFileReference; lastKnownFileType = folder.assetcatalog; path = "Preview Assets.xcassets"; sourceTree = "<group>"; };
		EAF11D4A2A005B3700790077 /* HealthyChild.swift */ = {isa = PBXFileReference; lastKnownFileType = sourcecode.swift; path = HealthyChild.swift; sourceTree = "<group>"; };
		EAF11D6B2A0080D400790077 /* girl-skipping.gif */ = {isa = PBXFileReference; lastKnownFileType = image.gif; path = "girl-skipping.gif"; sourceTree = "<group>"; };
		EAF11D762A00860B00790077 /* GIFImage.swift */ = {isa = PBXFileReference; lastKnownFileType = sourcecode.swift; path = GIFImage.swift; sourceTree = "<group>"; };
		EAF11D782A008D4200790077 /* NIS.swift */ = {isa = PBXFileReference; lastKnownFileType = sourcecode.swift; path = NIS.swift; sourceTree = "<group>"; };
		EAF11D7A2A008D5100790077 /* IAP.swift */ = {isa = PBXFileReference; lastKnownFileType = sourcecode.swift; path = IAP.swift; sourceTree = "<group>"; };
/* End PBXFileReference section */

/* Begin PBXFrameworksBuildPhase section */
		EAF11D342A00529F00790077 /* Frameworks */ = {
			isa = PBXFrameworksBuildPhase;
			buildActionMask = 2147483647;
			files = (
			);
			runOnlyForDeploymentPostprocessing = 0;
		};
/* End PBXFrameworksBuildPhase section */

/* Begin PBXGroup section */
		EAF11D2E2A00529F00790077 = {
			isa = PBXGroup;
			children = (
				EAF11D4E2A00650600790077 /* Packages */,
				EAF11D392A00529F00790077 /* Indian Vaccination Schedules */,
				EAF11D6F2A0081F600790077 /* Frameworks */,
				EA90D4892A110D2B007E6C4B /* Indian Vaccination Schedules.app */,
			);
			sourceTree = "<group>";
		};
		EAF11D392A00529F00790077 /* Indian Vaccination Schedules */ = {
			isa = PBXGroup;
			children = (
				EA90D48F2A114574007E6C4B /* Indian-Vaccination-Schedules-Info.plist */,
				EAF11D3A2A00529F00790077 /* Indian_Vaccination_SchedulesApp.swift */,
				EAF11D6B2A0080D400790077 /* girl-skipping.gif */,
				EAF11D3C2A00529F00790077 /* ContentView.swift */,
				EAF11D782A008D4200790077 /* NIS.swift */,
				EAF11D7A2A008D5100790077 /* IAP.swift */,
				EA90D48D2A1139E3007E6C4B /* IAPP.jpg */,
				EAF11D762A00860B00790077 /* GIFImage.swift */,
				EAF11D4A2A005B3700790077 /* HealthyChild.swift */,
				EA90D48B2A11366F007E6C4B /* NISS.pdf */,
				EAF11D3E2A0052A000790077 /* Assets.xcassets */,
				EAF11D402A0052A000790077 /* Preview Content */,
			);
			path = "Indian Vaccination Schedules";
			sourceTree = "<group>";
		};
		EAF11D402A0052A000790077 /* Preview Content */ = {
			isa = PBXGroup;
			children = (
				EAF11D412A0052A000790077 /* Preview Assets.xcassets */,
			);
			path = "Preview Content";
			sourceTree = "<group>";
		};
		EAF11D4E2A00650600790077 /* Packages */ = {
			isa = PBXGroup;
			children = (
			);
			name = Packages;
			sourceTree = "<group>";
		};
		EAF11D6F2A0081F600790077 /* Frameworks */ = {
			isa = PBXGroup;
			children = (
			);
			name = Frameworks;
			sourceTree = "<group>";
		};
/* End PBXGroup section */

/* Begin PBXNativeTarget section */
		EAF11D362A00529F00790077 /* Indian Vaccination Schedules */ = {
			isa = PBXNativeTarget;
			buildConfigurationList = EAF11D452A0052A000790077 /* Build configuration list for PBXNativeTarget "Indian Vaccination Schedules" */;
			buildPhases = (
				EAF11D332A00529F00790077 /* Sources */,
				EAF11D342A00529F00790077 /* Frameworks */,
				EAF11D352A00529F00790077 /* Resources */,
			);
			buildRules = (
			);
			dependencies = (
			);
			name = "Indian Vaccination Schedules";
			packageProductDependencies = (
			);
			productName = "Indian Vaccination Schedules";
			productReference = EA90D4892A110D2B007E6C4B /* Indian Vaccination Schedules.app */;
			productType = "com.apple.product-type.application";
		};
/* End PBXNativeTarget section */

/* Begin PBXProject section */
		EAF11D2F2A00529F00790077 /* Project object */ = {
			isa = PBXProject;
			attributes = {
				BuildIndependentTargetsInParallel = 1;
				LastSwiftUpdateCheck = 1430;
				LastUpgradeCheck = 1430;
				TargetAttributes = {
					EAF11D362A00529F00790077 = {
						CreatedOnToolsVersion = 14.3;
					};
				};
			};
			buildConfigurationList = EAF11D322A00529F00790077 /* Build configuration list for PBXProject "Indian Vaccination Schedules" */;
			compatibilityVersion = "Xcode 14.0";
			developmentRegion = en;
			hasScannedForEncodings = 0;
			knownRegions = (
				en,
				Base,
			);
			mainGroup = EAF11D2E2A00529F00790077;
			packageReferences = (
				EAF11D512A00698600790077 /* XCRemoteSwiftPackageReference "FLAnimatedImage" */,
				EAF11D542A006B6100790077 /* XCRemoteSwiftPackageReference "swiftui-gif" */,
				EAF11D612A007B5100790077 /* XCRemoteSwiftPackageReference "SwiftyGif" */,
				EAF11D662A007DDC00790077 /* XCRemoteSwiftPackageReference "Giffy" */,
			);
			productRefGroup = EAF11D2E2A00529F00790077;
			projectDirPath = "";
			projectRoot = "";
			targets = (
				EAF11D362A00529F00790077 /* Indian Vaccination Schedules */,
			);
		};
/* End PBXProject section */

/* Begin PBXResourcesBuildPhase section */
		EAF11D352A00529F00790077 /* Resources */ = {
			isa = PBXResourcesBuildPhase;
			buildActionMask = 2147483647;
			files = (
				EAF11D6C2A0080D500790077 /* girl-skipping.gif in Resources */,
				EA90D48C2A113670007E6C4B /* NISS.pdf in Resources */,
				EA90D48E2A1139E3007E6C4B /* IAPP.jpg in Resources */,
				EAF11D422A0052A000790077 /* Preview Assets.xcassets in Resources */,
				EAF11D3F2A0052A000790077 /* Assets.xcassets in Resources */,
			);
			runOnlyForDeploymentPostprocessing = 0;
		};
/* End PBXResourcesBuildPhase section */

/* Begin PBXSourcesBuildPhase section */
		EAF11D332A00529F00790077 /* Sources */ = {
			isa = PBXSourcesBuildPhase;
			buildActionMask = 2147483647;
			files = (
				EAF11D772A00860B00790077 /* GIFImage.swift in Sources */,
				EAF11D4B2A005B3700790077 /* HealthyChild.swift in Sources */,
				EAF11D792A008D4200790077 /* NIS.swift in Sources */,
				EAF11D3D2A00529F00790077 /* ContentView.swift in Sources */,
				EAF11D7B2A008D5100790077 /* IAP.swift in Sources */,
				EAF11D3B2A00529F00790077 /* Indian_Vaccination_SchedulesApp.swift in Sources */,
			);
			runOnlyForDeploymentPostprocessing = 0;
		};
/* End PBXSourcesBuildPhase section */

/* Begin XCBuildConfiguration section */
		EAF11D432A0052A000790077 /* Debug */ = {
			isa = XCBuildConfiguration;
			buildSettings = {
				ALWAYS_SEARCH_USER_PATHS = NO;
				CLANG_ANALYZER_NONNULL = YES;
				CLANG_ANALYZER_NUMBER_OBJECT_CONVERSION = YES_AGGRESSIVE;
				CLANG_CXX_LANGUAGE_STANDARD = "gnu++20";
				CLANG_ENABLE_MODULES = YES;
				CLANG_ENABLE_OBJC_ARC = YES;
				CLANG_ENABLE_OBJC_WEAK = YES;
				CLANG_WARN_BLOCK_CAPTURE_AUTORELEASING = YES;
				CLANG_WARN_BOOL_CONVERSION = YES;
				CLANG_WARN_COMMA = YES;
				CLANG_WARN_CONSTANT_CONVERSION = YES;
				CLANG_WARN_DEPRECATED_OBJC_IMPLEMENTATIONS = YES;
				CLANG_WARN_DIRECT_OBJC_ISA_USAGE = YES_ERROR;
				CLANG_WARN_DOCUMENTATION_COMMENTS = YES;
				CLANG_WARN_EMPTY_BODY = YES;
				CLANG_WARN_ENUM_CONVERSION = YES;
				CLANG_WARN_INFINITE_RECURSION = YES;
				CLANG_WARN_INT_CONVERSION = YES;
				CLANG_WARN_NON_LITERAL_NULL_CONVERSION = YES;
				CLANG_WARN_OBJC_IMPLICIT_RETAIN_SELF = YES;
				CLANG_WARN_OBJC_LITERAL_CONVERSION = YES;
				CLANG_WARN_OBJC_ROOT_CLASS = YES_ERROR;
				CLANG_WARN_QUOTED_INCLUDE_IN_FRAMEWORK_HEADER = YES;
				CLANG_WARN_RANGE_LOOP_ANALYSIS = YES;
				CLANG_WARN_STRICT_PROTOTYPES = YES;
				CLANG_WARN_SUSPICIOUS_MOVE = YES;
				CLANG_WARN_UNGUARDED_AVAILABILITY = YES_AGGRESSIVE;
				CLANG_WARN_UNREACHABLE_CODE = YES;
				CLANG_WARN__DUPLICATE_METHOD_MATCH = YES;
				COPY_PHASE_STRIP = NO;
				DEBUG_INFORMATION_FORMAT = dwarf;
				ENABLE_STRICT_OBJC_MSGSEND = YES;
				ENABLE_TESTABILITY = YES;
				GCC_C_LANGUAGE_STANDARD = gnu11;
				GCC_DYNAMIC_NO_PIC = NO;
				GCC_NO_COMMON_BLOCKS = YES;
				GCC_OPTIMIZATION_LEVEL = 0;
				GCC_PREPROCESSOR_DEFINITIONS = (
					"DEBUG=1",
					"$(inherited)",
				);
				GCC_WARN_64_TO_32_BIT_CONVERSION = YES;
				GCC_WARN_ABOUT_RETURN_TYPE = YES_ERROR;
				GCC_WARN_UNDECLARED_SELECTOR = YES;
				GCC_WARN_UNINITIALIZED_AUTOS = YES_AGGRESSIVE;
				GCC_WARN_UNUSED_FUNCTION = YES;
				GCC_WARN_UNUSED_VARIABLE = YES;
				IPHONEOS_DEPLOYMENT_TARGET = 16.4;
				MTL_ENABLE_DEBUG_INFO = INCLUDE_SOURCE;
				MTL_FAST_MATH = YES;
				ONLY_ACTIVE_ARCH = YES;
				SDKROOT = iphoneos;
				SWIFT_ACTIVE_COMPILATION_CONDITIONS = DEBUG;
				SWIFT_OPTIMIZATION_LEVEL = "-Onone";
			};
			name = Debug;
		};
		EAF11D442A0052A000790077 /* Release */ = {
			isa = XCBuildConfiguration;
			buildSettings = {
				ALWAYS_SEARCH_USER_PATHS = NO;
				CLANG_ANALYZER_NONNULL = YES;
				CLANG_ANALYZER_NUMBER_OBJECT_CONVERSION = YES_AGGRESSIVE;
				CLANG_CXX_LANGUAGE_STANDARD = "gnu++20";
				CLANG_ENABLE_MODULES = YES;
				CLANG_ENABLE_OBJC_ARC = YES;
				CLANG_ENABLE_OBJC_WEAK = YES;
				CLANG_WARN_BLOCK_CAPTURE_AUTORELEASING = YES;
				CLANG_WARN_BOOL_CONVERSION = YES;
				CLANG_WARN_COMMA = YES;
				CLANG_WARN_CONSTANT_CONVERSION = YES;
				CLANG_WARN_DEPRECATED_OBJC_IMPLEMENTATIONS = YES;
				CLANG_WARN_DIRECT_OBJC_ISA_USAGE = YES_ERROR;
				CLANG_WARN_DOCUMENTATION_COMMENTS = YES;
				CLANG_WARN_EMPTY_BODY = YES;
				CLANG_WARN_ENUM_CONVERSION = YES;
				CLANG_WARN_INFINITE_RECURSION = YES;
				CLANG_WARN_INT_CONVERSION = YES;
				CLANG_WARN_NON_LITERAL_NULL_CONVERSION = YES;
				CLANG_WARN_OBJC_IMPLICIT_RETAIN_SELF = YES;
				CLANG_WARN_OBJC_LITERAL_CONVERSION = YES;
				CLANG_WARN_OBJC_ROOT_CLASS = YES_ERROR;
				CLANG_WARN_QUOTED_INCLUDE_IN_FRAMEWORK_HEADER = YES;
				CLANG_WARN_RANGE_LOOP_ANALYSIS = YES;
				CLANG_WARN_STRICT_PROTOTYPES = YES;
				CLANG_WARN_SUSPICIOUS_MOVE = YES;
				CLANG_WARN_UNGUARDED_AVAILABILITY = YES_AGGRESSIVE;
				CLANG_WARN_UNREACHABLE_CODE = YES;
				CLANG_WARN__DUPLICATE_METHOD_MATCH = YES;
				COPY_PHASE_STRIP = NO;
				DEBUG_INFORMATION_FORMAT = "dwarf-with-dsym";
				ENABLE_NS_ASSERTIONS = NO;
				ENABLE_STRICT_OBJC_MSGSEND = YES;
				GCC_C_LANGUAGE_STANDARD = gnu11;
				GCC_NO_COMMON_BLOCKS = YES;
				GCC_WARN_64_TO_32_BIT_CONVERSION = YES;
				GCC_WARN_ABOUT_RETURN_TYPE = YES_ERROR;
				GCC_WARN_UNDECLARED_SELECTOR = YES;
				GCC_WARN_UNINITIALIZED_AUTOS = YES_AGGRESSIVE;
				GCC_WARN_UNUSED_FUNCTION = YES;
				GCC_WARN_UNUSED_VARIABLE = YES;
				IPHONEOS_DEPLOYMENT_TARGET = 16.4;
				MTL_ENABLE_DEBUG_INFO = NO;
				MTL_FAST_MATH = YES;
				SDKROOT = iphoneos;
				SWIFT_COMPILATION_MODE = wholemodule;
				SWIFT_OPTIMIZATION_LEVEL = "-O";
				VALIDATE_PRODUCT = YES;
			};
			name = Release;
		};
		EAF11D462A0052A000790077 /* Debug */ = {
			isa = XCBuildConfiguration;
			buildSettings = {
				ASSETCATALOG_COMPILER_APPICON_NAME = AppIcon;
				ASSETCATALOG_COMPILER_GLOBAL_ACCENT_COLOR_NAME = AccentColor;
				ASSETCATALOG_COMPILER_INCLUDE_ALL_APPICON_ASSETS = NO;
				CODE_SIGN_STYLE = Automatic;
				CURRENT_PROJECT_VERSION = 1;
				DEVELOPMENT_ASSET_PATHS = "\"Indian Vaccination Schedules/Preview Content\"";
				DEVELOPMENT_TEAM = K7N8YUJCHX;
				ENABLE_PREVIEWS = YES;
				GENERATE_INFOPLIST_FILE = YES;
				INFOPLIST_FILE = "Indian-Vaccination-Schedules-Info.plist";
				INFOPLIST_KEY_CFBundleDisplayName = "Indian Vaccination Schedules";
				INFOPLIST_KEY_LSApplicationCategoryType = "public.app-category.healthcare-fitness";
				INFOPLIST_KEY_UIApplicationSceneManifest_Generation = YES;
				INFOPLIST_KEY_UIApplicationSupportsIndirectInputEvents = YES;
				INFOPLIST_KEY_UIStatusBarStyle = "";
				INFOPLIST_KEY_UISupportedInterfaceOrientations = "UIInterfaceOrientationLandscapeLeft UIInterfaceOrientationLandscapeRight UIInterfaceOrientationPortrait UIInterfaceOrientationPortraitUpsideDown";
				IPHONEOS_DEPLOYMENT_TARGET = 16.0;
				LD_RUNPATH_SEARCH_PATHS = (
					"$(inherited)",
					"@executable_path/Frameworks",
				);
				MARKETING_VERSION = 1.0;
				PRODUCT_BUNDLE_IDENTIFIER = "johnlazarus.net.Indian-Vaccination-Schedules";
				PRODUCT_NAME = "$(TARGET_NAME)";
				SWIFT_EMIT_LOC_STRINGS = YES;
				SWIFT_VERSION = 5.0;
				TARGETED_DEVICE_FAMILY = "1,2";
			};
			name = Debug;
		};
		EAF11D472A0052A000790077 /* Release */ = {
			isa = XCBuildConfiguration;
			buildSettings = {
				ASSETCATALOG_COMPILER_APPICON_NAME = AppIcon;
				ASSETCATALOG_COMPILER_GLOBAL_ACCENT_COLOR_NAME = AccentColor;
				ASSETCATALOG_COMPILER_INCLUDE_ALL_APPICON_ASSETS = NO;
				CODE_SIGN_STYLE = Automatic;
				CURRENT_PROJECT_VERSION = 1;
				DEVELOPMENT_ASSET_PATHS = "\"Indian Vaccination Schedules/Preview Content\"";
				DEVELOPMENT_TEAM = K7N8YUJCHX;
				ENABLE_PREVIEWS = YES;
				GENERATE_INFOPLIST_FILE = YES;
				INFOPLIST_FILE = "Indian-Vaccination-Schedules-Info.plist";
				INFOPLIST_KEY_CFBundleDisplayName = "Indian Vaccination Schedules";
				INFOPLIST_KEY_LSApplicationCategoryType = "public.app-category.healthcare-fitness";
				INFOPLIST_KEY_UIApplicationSceneManifest_Generation = YES;
				INFOPLIST_KEY_UIApplicationSupportsIndirectInputEvents = YES;
				INFOPLIST_KEY_UIStatusBarStyle = "";
				INFOPLIST_KEY_UISupportedInterfaceOrientations = "UIInterfaceOrientationLandscapeLeft UIInterfaceOrientationLandscapeRight UIInterfaceOrientationPortrait UIInterfaceOrientationPortraitUpsideDown";
				IPHONEOS_DEPLOYMENT_TARGET = 16.0;
				LD_RUNPATH_SEARCH_PATHS = (
					"$(inherited)",
					"@executable_path/Frameworks",
				);
				MARKETING_VERSION = 1.0;
				PRODUCT_BUNDLE_IDENTIFIER = "johnlazarus.net.Indian-Vaccination-Schedules";
				PRODUCT_NAME = "$(TARGET_NAME)";
				SWIFT_EMIT_LOC_STRINGS = YES;
				SWIFT_VERSION = 5.0;
				TARGETED_DEVICE_FAMILY = "1,2";
			};
			name = Release;
		};
/* End XCBuildConfiguration section */

/* Begin XCConfigurationList section */
		EAF11D322A00529F00790077 /* Build configuration list for PBXProject "Indian Vaccination Schedules" */ = {
			isa = XCConfigurationList;
			buildConfigurations = (
				EAF11D432A0052A000790077 /* Debug */,
				EAF11D442A0052A000790077 /* Release */,
			);
			defaultConfigurationIsVisible = 0;
			defaultConfigurationName = Release;
		};
		EAF11D452A0052A000790077 /* Build configuration list for PBXNativeTarget "Indian Vaccination Schedules" */ = {
			isa = XCConfigurationList;
			buildConfigurations = (
				EAF11D462A0052A000790077 /* Debug */,
				EAF11D472A0052A000790077 /* Release */,
			);
			defaultConfigurationIsVisible = 0;
			defaultConfigurationName = Release;
		};
/* End XCConfigurationList section */

/* Begin XCRemoteSwiftPackageReference section */
		EAF11D512A00698600790077 /* XCRemoteSwiftPackageReference "FLAnimatedImage" */ = {
			isa = XCRemoteSwiftPackageReference;
			repositoryURL = "https://github.com/Flipboard/FLAnimatedImage";
			requirement = {
				kind = upToNextMajorVersion;
				minimumVersion = 1.0.0;
			};
		};
		EAF11D542A006B6100790077 /* XCRemoteSwiftPackageReference "swiftui-gif" */ = {
			isa = XCRemoteSwiftPackageReference;
			repositoryURL = "https://github.com/globulus/swiftui-gif";
			requirement = {
				kind = upToNextMajorVersion;
				minimumVersion = 1.0.0;
			};
		};
		EAF11D612A007B5100790077 /* XCRemoteSwiftPackageReference "SwiftyGif" */ = {
			isa = XCRemoteSwiftPackageReference;
			repositoryURL = "https://github.com/kirualex/SwiftyGif.git";
			requirement = {
				kind = upToNextMajorVersion;
				minimumVersion = 5.0.0;
			};
		};
		EAF11D662A007DDC00790077 /* XCRemoteSwiftPackageReference "Giffy" */ = {
			isa = XCRemoteSwiftPackageReference;
			repositoryURL = "https://github.com/tfmart/Giffy";
			requirement = {
				branch = main;
				kind = branch;
			};
		};
/* End XCRemoteSwiftPackageReference section */
	};
	rootObject = EAF11D2F2A00529F00790077 /* Project object */;
}
